// !$*UTF8*$!
{
	archiveVersion = 1;
	classes = {
	};
	objectVersion = 52;
	objects = {

/* Begin PBXBuildFile section */
		1534C75F267A680C00E609DC /* Rubik-MediumItalic.ttf in Resources */ = {isa = PBXBuildFile; fileRef = 1534C755267A680C00E609DC /* Rubik-MediumItalic.ttf */; };
		1534C760267A680C00E609DC /* Rubik-Bold.ttf in Resources */ = {isa = PBXBuildFile; fileRef = 1534C756267A680C00E609DC /* Rubik-Bold.ttf */; };
		1534C761267A680C00E609DC /* Rubik-Light.ttf in Resources */ = {isa = PBXBuildFile; fileRef = 1534C757267A680C00E609DC /* Rubik-Light.ttf */; };
		1534C762267A680C00E609DC /* Rubik-Medium.ttf in Resources */ = {isa = PBXBuildFile; fileRef = 1534C758267A680C00E609DC /* Rubik-Medium.ttf */; };
		1534C763267A680C00E609DC /* Rubik-Black.ttf in Resources */ = {isa = PBXBuildFile; fileRef = 1534C759267A680C00E609DC /* Rubik-Black.ttf */; };
		1534C764267A680C00E609DC /* Rubik-Italic.ttf in Resources */ = {isa = PBXBuildFile; fileRef = 1534C75A267A680C00E609DC /* Rubik-Italic.ttf */; };
		1534C765267A680C00E609DC /* Rubik-LightItalic.ttf in Resources */ = {isa = PBXBuildFile; fileRef = 1534C75B267A680C00E609DC /* Rubik-LightItalic.ttf */; };
		1534C766267A680C00E609DC /* Rubik-BlackItalic.ttf in Resources */ = {isa = PBXBuildFile; fileRef = 1534C75C267A680C00E609DC /* Rubik-BlackItalic.ttf */; };
		1534C767267A680C00E609DC /* Rubik-Regular.ttf in Resources */ = {isa = PBXBuildFile; fileRef = 1534C75D267A680C00E609DC /* Rubik-Regular.ttf */; };
		1534C768267A680C00E609DC /* Rubik-BoldItalic.ttf in Resources */ = {isa = PBXBuildFile; fileRef = 1534C75E267A680C00E609DC /* Rubik-BoldItalic.ttf */; };
		1534C76D267A685000E609DC /* RestaurantDetailIconTextCell.swift in Sources */ = {isa = PBXBuildFile; fileRef = 1534C769267A685000E609DC /* RestaurantDetailIconTextCell.swift */; };
		1534C76E267A685000E609DC /* RestaurantTableViewCell.swift in Sources */ = {isa = PBXBuildFile; fileRef = 1534C76A267A685000E609DC /* RestaurantTableViewCell.swift */; };
		1534C76F267A685000E609DC /* RestaurantDetailHeaderView.swift in Sources */ = {isa = PBXBuildFile; fileRef = 1534C76B267A685000E609DC /* RestaurantDetailHeaderView.swift */; };
		1534C770267A685000E609DC /* RestaurantDetailTextCell.swift in Sources */ = {isa = PBXBuildFile; fileRef = 1534C76C267A685000E609DC /* RestaurantDetailTextCell.swift */; };
		154F97C5267A6619003C822E /* RestaurantDetailViewController.swift in Sources */ = {isa = PBXBuildFile; fileRef = 154F97C3267A6619003C822E /* RestaurantDetailViewController.swift */; };
		154F97C6267A6619003C822E /* RestaurantViewController.swift in Sources */ = {isa = PBXBuildFile; fileRef = 154F97C4267A6619003C822E /* RestaurantViewController.swift */; };
		154F97C9267A661F003C822E /* Restaurant.swift in Sources */ = {isa = PBXBuildFile; fileRef = 154F97C8267A661F003C822E /* Restaurant.swift */; };
		154F97CF267A662B003C822E /* LaunchScreen.storyboard in Resources */ = {isa = PBXBuildFile; fileRef = 154F97CB267A662B003C822E /* LaunchScreen.storyboard */; };
		154F97D0267A662B003C822E /* Main.storyboard in Resources */ = {isa = PBXBuildFile; fileRef = 154F97CD267A662B003C822E /* Main.storyboard */; };
		157175BE254F1763007B7A9F /* AppDelegate.swift in Sources */ = {isa = PBXBuildFile; fileRef = 157175BD254F1763007B7A9F /* AppDelegate.swift */; };
		157175C0254F1763007B7A9F /* SceneDelegate.swift in Sources */ = {isa = PBXBuildFile; fileRef = 157175BF254F1763007B7A9F /* SceneDelegate.swift */; };
		157175C7254F1764007B7A9F /* Assets.xcassets in Resources */ = {isa = PBXBuildFile; fileRef = 157175C6254F1764007B7A9F /* Assets.xcassets */; };
		15F4EAF7267A694300AF709C /* UINavigationController+Ext.swift in Sources */ = {isa = PBXBuildFile; fileRef = 15F4EAF5267A694200AF709C /* UINavigationController+Ext.swift */; };
		15F4EAF8267A694300AF709C /* UIColor+Ext.swift in Sources */ = {isa = PBXBuildFile; fileRef = 15F4EAF6267A694200AF709C /* UIColor+Ext.swift */; };
/* End PBXBuildFile section */

/* Begin PBXFileReference section */
		1534C755267A680C00E609DC /* Rubik-MediumItalic.ttf */ = {isa = PBXFileReference; lastKnownFileType = file; path = "Rubik-MediumItalic.ttf"; sourceTree = "<group>"; };
		1534C756267A680C00E609DC /* Rubik-Bold.ttf */ = {isa = PBXFileReference; lastKnownFileType = file; path = "Rubik-Bold.ttf"; sourceTree = "<group>"; };
		1534C757267A680C00E609DC /* Rubik-Light.ttf */ = {isa = PBXFileReference; lastKnownFileType = file; path = "Rubik-Light.ttf"; sourceTree = "<group>"; };
		1534C758267A680C00E609DC /* Rubik-Medium.ttf */ = {isa = PBXFileReference; lastKnownFileType = file; path = "Rubik-Medium.ttf"; sourceTree = "<group>"; };
		1534C759267A680C00E609DC /* Rubik-Black.ttf */ = {isa = PBXFileReference; lastKnownFileType = file; path = "Rubik-Black.ttf"; sourceTree = "<group>"; };
		1534C75A267A680C00E609DC /* Rubik-Italic.ttf */ = {isa = PBXFileReference; lastKnownFileType = file; path = "Rubik-Italic.ttf"; sourceTree = "<group>"; };
		1534C75B267A680C00E609DC /* Rubik-LightItalic.ttf */ = {isa = PBXFileReference; lastKnownFileType = file; path = "Rubik-LightItalic.ttf"; sourceTree = "<group>"; };
		1534C75C267A680C00E609DC /* Rubik-BlackItalic.ttf */ = {isa = PBXFileReference; lastKnownFileType = file; path = "Rubik-BlackItalic.ttf"; sourceTree = "<group>"; };
		1534C75D267A680C00E609DC /* Rubik-Regular.ttf */ = {isa = PBXFileReference; lastKnownFileType = file; path = "Rubik-Regular.ttf"; sourceTree = "<group>"; };
		1534C75E267A680C00E609DC /* Rubik-BoldItalic.ttf */ = {isa = PBXFileReference; lastKnownFileType = file; path = "Rubik-BoldItalic.ttf"; sourceTree = "<group>"; };
		1534C769267A685000E609DC /* RestaurantDetailIconTextCell.swift */ = {isa = PBXFileReference; fileEncoding = 4; lastKnownFileType = sourcecode.swift; path = RestaurantDetailIconTextCell.swift; sourceTree = "<group>"; };
		1534C76A267A685000E609DC /* RestaurantTableViewCell.swift */ = {isa = PBXFileReference; fileEncoding = 4; lastKnownFileType = sourcecode.swift; path = RestaurantTableViewCell.swift; sourceTree = "<group>"; };
		1534C76B267A685000E609DC /* RestaurantDetailHeaderView.swift */ = {isa = PBXFileReference; fileEncoding = 4; lastKnownFileType = sourcecode.swift; path = RestaurantDetailHeaderView.swift; sourceTree = "<group>"; };
		1534C76C267A685000E609DC /* RestaurantDetailTextCell.swift */ = {isa = PBXFileReference; fileEncoding = 4; lastKnownFileType = sourcecode.swift; path = RestaurantDetailTextCell.swift; sourceTree = "<group>"; };
		154F97C3267A6619003C822E /* RestaurantDetailViewController.swift */ = {isa = PBXFileReference; fileEncoding = 4; lastKnownFileType = sourcecode.swift; path = RestaurantDetailViewController.swift; sourceTree = "<group>"; };
		154F97C4267A6619003C822E /* RestaurantViewController.swift */ = {isa = PBXFileReference; fileEncoding = 4; lastKnownFileType = sourcecode.swift; path = RestaurantViewController.swift; sourceTree = "<group>"; };
		154F97C8267A661F003C822E /* Restaurant.swift */ = {isa = PBXFileReference; fileEncoding = 4; lastKnownFileType = sourcecode.swift; path = Restaurant.swift; sourceTree = "<group>"; };
		154F97CC267A662B003C822E /* Base */ = {isa = PBXFileReference; lastKnownFileType = file.storyboard; name = Base; path = Base.lproj/LaunchScreen.storyboard; sourceTree = "<group>"; };
		154F97CE267A662B003C822E /* Base */ = {isa = PBXFileReference; lastKnownFileType = file.storyboard; name = Base; path = Base.lproj/Main.storyboard; sourceTree = "<group>"; };
		157175BA254F1763007B7A9F /* Food Restaurants.app */ = {isa = PBXFileReference; explicitFileType = wrapper.application; includeInIndex = 0; path = "Food Restaurants.app"; sourceTree = BUILT_PRODUCTS_DIR; };
		157175BD254F1763007B7A9F /* AppDelegate.swift */ = {isa = PBXFileReference; lastKnownFileType = sourcecode.swift; path = AppDelegate.swift; sourceTree = "<group>"; };
		157175BF254F1763007B7A9F /* SceneDelegate.swift */ = {isa = PBXFileReference; lastKnownFileType = sourcecode.swift; path = SceneDelegate.swift; sourceTree = "<group>"; };
		157175C6254F1764007B7A9F /* Assets.xcassets */ = {isa = PBXFileReference; lastKnownFileType = folder.assetcatalog; path = Assets.xcassets; sourceTree = "<group>"; };
		157175CB254F1764007B7A9F /* Info.plist */ = {isa = PBXFileReference; lastKnownFileType = text.plist.xml; path = Info.plist; sourceTree = "<group>"; };
		15F4EAF5267A694200AF709C /* UINavigationController+Ext.swift */ = {isa = PBXFileReference; fileEncoding = 4; lastKnownFileType = sourcecode.swift; path = "UINavigationController+Ext.swift"; sourceTree = "<group>"; };
		15F4EAF6267A694200AF709C /* UIColor+Ext.swift */ = {isa = PBXFileReference; fileEncoding = 4; lastKnownFileType = sourcecode.swift; path = "UIColor+Ext.swift"; sourceTree = "<group>"; };
/* End PBXFileReference section */

/* Begin PBXFrameworksBuildPhase section */
		157175B7254F1763007B7A9F /* Frameworks */ = {
			isa = PBXFrameworksBuildPhase;
			buildActionMask = 2147483647;
			files = (
			);
			runOnlyForDeploymentPostprocessing = 0;
		};
/* End PBXFrameworksBuildPhase section */

/* Begin PBXGroup section */
		1534C753267A680C00E609DC /* Resources */ = {
			isa = PBXGroup;
			children = (
				1534C754267A680C00E609DC /* Fonts */,
			);
			path = Resources;
			sourceTree = "<group>";
		};
		1534C754267A680C00E609DC /* Fonts */ = {
			isa = PBXGroup;
			children = (
				1534C755267A680C00E609DC /* Rubik-MediumItalic.ttf */,
				1534C756267A680C00E609DC /* Rubik-Bold.ttf */,
				1534C757267A680C00E609DC /* Rubik-Light.ttf */,
				1534C758267A680C00E609DC /* Rubik-Medium.ttf */,
				1534C759267A680C00E609DC /* Rubik-Black.ttf */,
				1534C75A267A680C00E609DC /* Rubik-Italic.ttf */,
				1534C75B267A680C00E609DC /* Rubik-LightItalic.ttf */,
				1534C75C267A680C00E609DC /* Rubik-BlackItalic.ttf */,
				1534C75D267A680C00E609DC /* Rubik-Regular.ttf */,
				1534C75E267A680C00E609DC /* Rubik-BoldItalic.ttf */,
			);
			path = Fonts;
			sourceTree = "<group>";
		};
		154F97C2267A6619003C822E /* Controller */ = {
			isa = PBXGroup;
			children = (
				154F97C3267A6619003C822E /* RestaurantDetailViewController.swift */,
				154F97C4267A6619003C822E /* RestaurantViewController.swift */,
			);
			path = Controller;
			sourceTree = "<group>";
		};
		154F97C7267A661F003C822E /* Model */ = {
			isa = PBXGroup;
			children = (
				154F97C8267A661F003C822E /* Restaurant.swift */,
			);
			path = Model;
			sourceTree = "<group>";
		};
		154F97CA267A662B003C822E /* Storyboard */ = {
			isa = PBXGroup;
			children = (
				154F97CB267A662B003C822E /* LaunchScreen.storyboard */,
				154F97CD267A662B003C822E /* Main.storyboard */,
			);
			path = Storyboard;
			sourceTree = "<group>";
		};
		154F97D1267A6635003C822E /* View */ = {
			isa = PBXGroup;
			children = (
				1534C76B267A685000E609DC /* RestaurantDetailHeaderView.swift */,
				1534C769267A685000E609DC /* RestaurantDetailIconTextCell.swift */,
				1534C76C267A685000E609DC /* RestaurantDetailTextCell.swift */,
				1534C76A267A685000E609DC /* RestaurantTableViewCell.swift */,
			);
			path = View;
			sourceTree = "<group>";
		};
		157175B1254F1763007B7A9F = {
			isa = PBXGroup;
			children = (
				157175BC254F1763007B7A9F /* Food Restaurants */,
				157175BB254F1763007B7A9F /* Products */,
			);
			sourceTree = "<group>";
		};
		157175BB254F1763007B7A9F /* Products */ = {
			isa = PBXGroup;
			children = (
				157175BA254F1763007B7A9F /* Food Restaurants.app */,
			);
			name = Products;
			sourceTree = "<group>";
		};
		157175BC254F1763007B7A9F /* Food Restaurants */ = {
			isa = PBXGroup;
			children = (
				157175BD254F1763007B7A9F /* AppDelegate.swift */,
				157175BF254F1763007B7A9F /* SceneDelegate.swift */,
				1534C753267A680C00E609DC /* Resources */,
				15F4EAF4267A694200AF709C /* Extensions */,
				154F97C7267A661F003C822E /* Model */,
				154F97C2267A6619003C822E /* Controller */,
				154F97D1267A6635003C822E /* View */,
				154F97CA267A662B003C822E /* Storyboard */,
				157175C6254F1764007B7A9F /* Assets.xcassets */,
				157175CB254F1764007B7A9F /* Info.plist */,
			);
			path = "Food Restaurants";
			sourceTree = "<group>";
		};
		15F4EAF4267A694200AF709C /* Extensions */ = {
			isa = PBXGroup;
			children = (
				15F4EAF5267A694200AF709C /* UINavigationController+Ext.swift */,
				15F4EAF6267A694200AF709C /* UIColor+Ext.swift */,
			);
			path = Extensions;
			sourceTree = "<group>";
		};
/* End PBXGroup section */

/* Begin PBXNativeTarget section */
		157175B9254F1763007B7A9F /* Food Restaurants */ = {
			isa = PBXNativeTarget;
			buildConfigurationList = 157175CE254F1764007B7A9F /* Build configuration list for PBXNativeTarget "Food Restaurants" */;
			buildPhases = (
				157175B6254F1763007B7A9F /* Sources */,
				157175B7254F1763007B7A9F /* Frameworks */,
				157175B8254F1763007B7A9F /* Resources */,
			);
			buildRules = (
			);
			dependencies = (
			);
			name = "Food Restaurants";
			productName = FoodPin;
			productReference = 157175BA254F1763007B7A9F /* Food Restaurants.app */;
			productType = "com.apple.product-type.application";
		};
/* End PBXNativeTarget section */

/* Begin PBXProject section */
		157175B2254F1763007B7A9F /* Project object */ = {
			isa = PBXProject;
			attributes = {
				LastSwiftUpdateCheck = 1110;
				LastUpgradeCheck = 1110;
				ORGANIZATIONNAME = MAC;
				TargetAttributes = {
					157175B9254F1763007B7A9F = {
						CreatedOnToolsVersion = 11.1;
					};
				};
			};
			buildConfigurationList = 157175B5254F1763007B7A9F /* Build configuration list for PBXProject "Food Restaurants" */;
			compatibilityVersion = "Xcode 11.0";
			developmentRegion = en;
			hasScannedForEncodings = 0;
			knownRegions = (
				en,
				Base,
			);
			mainGroup = 157175B1254F1763007B7A9F;
			productRefGroup = 157175BB254F1763007B7A9F /* Products */;
			projectDirPath = "";
			projectRoot = "";
			targets = (
				157175B9254F1763007B7A9F /* Food Restaurants */,
			);
		};
/* End PBXProject section */

/* Begin PBXResourcesBuildPhase section */
		157175B8254F1763007B7A9F /* Resources */ = {
			isa = PBXResourcesBuildPhase;
			buildActionMask = 2147483647;
			files = (
				154F97D0267A662B003C822E /* Main.storyboard in Resources */,
				1534C767267A680C00E609DC /* Rubik-Regular.ttf in Resources */,
				1534C765267A680C00E609DC /* Rubik-LightItalic.ttf in Resources */,
				1534C761267A680C00E609DC /* Rubik-Light.ttf in Resources */,
				1534C763267A680C00E609DC /* Rubik-Black.ttf in Resources */,
				157175C7254F1764007B7A9F /* Assets.xcassets in Resources */,
				1534C766267A680C00E609DC /* Rubik-BlackItalic.ttf in Resources */,
				154F97CF267A662B003C822E /* LaunchScreen.storyboard in Resources */,
				1534C764267A680C00E609DC /* Rubik-Italic.ttf in Resources */,
				1534C75F267A680C00E609DC /* Rubik-MediumItalic.ttf in Resources */,
				1534C760267A680C00E609DC /* Rubik-Bold.ttf in Resources */,
				1534C768267A680C00E609DC /* Rubik-BoldItalic.ttf in Resources */,
				1534C762267A680C00E609DC /* Rubik-Medium.ttf in Resources */,
			);
			runOnlyForDeploymentPostprocessing = 0;
		};
/* End PBXResourcesBuildPhase section */

/* Begin PBXSourcesBuildPhase section */
		157175B6254F1763007B7A9F /* Sources */ = {
			isa = PBXSourcesBuildPhase;
			buildActionMask = 2147483647;
			files = (
				154F97C9267A661F003C822E /* Restaurant.swift in Sources */,
				1534C770267A685000E609DC /* RestaurantDetailTextCell.swift in Sources */,
				1534C76D267A685000E609DC /* RestaurantDetailIconTextCell.swift in Sources */,
				157175BE254F1763007B7A9F /* AppDelegate.swift in Sources */,
				15F4EAF8267A694300AF709C /* UIColor+Ext.swift in Sources */,
				154F97C6267A6619003C822E /* RestaurantViewController.swift in Sources */,
				154F97C5267A6619003C822E /* RestaurantDetailViewController.swift in Sources */,
				15F4EAF7267A694300AF709C /* UINavigationController+Ext.swift in Sources */,
				1534C76E267A685000E609DC /* RestaurantTableViewCell.swift in Sources */,
				1534C76F267A685000E609DC /* RestaurantDetailHeaderView.swift in Sources */,
				157175C0254F1763007B7A9F /* SceneDelegate.swift in Sources */,
			);
			runOnlyForDeploymentPostprocessing = 0;
		};
/* End PBXSourcesBuildPhase section */

/* Begin PBXVariantGroup section */
		154F97CB267A662B003C822E /* LaunchScreen.storyboard */ = {
			isa = PBXVariantGroup;
			children = (
				154F97CC267A662B003C822E /* Base */,
			);
			name = LaunchScreen.storyboard;
			sourceTree = "<group>";
		};
		154F97CD267A662B003C822E /* Main.storyboard */ = {
			isa = PBXVariantGroup;
			children = (
				154F97CE267A662B003C822E /* Base */,
			);
			name = Main.storyboard;
			sourceTree = "<group>";
		};
/* End PBXVariantGroup section */

/* Begin XCBuildConfiguration section */
		157175CC254F1764007B7A9F /* Debug */ = {
			isa = XCBuildConfiguration;
			buildSettings = {
				ALWAYS_SEARCH_USER_PATHS = NO;
				CLANG_ANALYZER_NONNULL = YES;
				CLANG_ANALYZER_NUMBER_OBJECT_CONVERSION = YES_AGGRESSIVE;
				CLANG_CXX_LANGUAGE_STANDARD = "gnu++14";
				CLANG_CXX_LIBRARY = "libc++";
				CLANG_ENABLE_MODULES = YES;
				CLANG_ENABLE_OBJC_ARC = YES;
				CLANG_ENABLE_OBJC_WEAK = YES;
				CLANG_WARN_BLOCK_CAPTURE_AUTORELEASING = YES;
				CLANG_WARN_BOOL_CONVERSION = YES;
				CLANG_WARN_COMMA = YES;
				CLANG_WARN_CONSTANT_CONVERSION = YES;
				CLANG_WARN_DEPRECATED_OBJC_IMPLEMENTATIONS = YES;
				CLANG_WARN_DIRECT_OBJC_ISA_USAGE = YES_ERROR;
				CLANG_WARN_DOCUMENTATION_COMMENTS = YES;
				CLANG_WARN_EMPTY_BODY = YES;
				CLANG_WARN_ENUM_CONVERSION = YES;
				CLANG_WARN_INFINITE_RECURSION = YES;
				CLANG_WARN_INT_CONVERSION = YES;
				CLANG_WARN_NON_LITERAL_NULL_CONVERSION = YES;
				CLANG_WARN_OBJC_IMPLICIT_RETAIN_SELF = YES;
				CLANG_WARN_OBJC_LITERAL_CONVERSION = YES;
				CLANG_WARN_OBJC_ROOT_CLASS = YES_ERROR;
				CLANG_WARN_RANGE_LOOP_ANALYSIS = YES;
				CLANG_WARN_STRICT_PROTOTYPES = YES;
				CLANG_WARN_SUSPICIOUS_MOVE = YES;
				CLANG_WARN_UNGUARDED_AVAILABILITY = YES_AGGRESSIVE;
				CLANG_WARN_UNREACHABLE_CODE = YES;
				CLANG_WARN__DUPLICATE_METHOD_MATCH = YES;
				COPY_PHASE_STRIP = NO;
				DEBUG_INFORMATION_FORMAT = dwarf;
				ENABLE_STRICT_OBJC_MSGSEND = YES;
				ENABLE_TESTABILITY = YES;
				GCC_C_LANGUAGE_STANDARD = gnu11;
				GCC_DYNAMIC_NO_PIC = NO;
				GCC_NO_COMMON_BLOCKS = YES;
				GCC_OPTIMIZATION_LEVEL = 0;
				GCC_PREPROCESSOR_DEFINITIONS = (
					"DEBUG=1",
					"$(inherited)",
				);
				GCC_WARN_64_TO_32_BIT_CONVERSION = YES;
				GCC_WARN_ABOUT_RETURN_TYPE = YES_ERROR;
				GCC_WARN_UNDECLARED_SELECTOR = YES;
				GCC_WARN_UNINITIALIZED_AUTOS = YES_AGGRESSIVE;
				GCC_WARN_UNUSED_FUNCTION = YES;
				GCC_WARN_UNUSED_VARIABLE = YES;
				INFOPLIST_FILE = "Food Restaurants/Info.plist";
				IPHONEOS_DEPLOYMENT_TARGET = 13.1;
				MTL_ENABLE_DEBUG_INFO = INCLUDE_SOURCE;
				MTL_FAST_MATH = YES;
				ONLY_ACTIVE_ARCH = YES;
				SDKROOT = iphoneos;
				SWIFT_ACTIVE_COMPILATION_CONDITIONS = DEBUG;
				SWIFT_OPTIMIZATION_LEVEL = "-Onone";
			};
			name = Debug;
		};
		157175CD254F1764007B7A9F /* Release */ = {
			isa = XCBuildConfiguration;
			buildSettings = {
				ALWAYS_SEARCH_USER_PATHS = NO;
				CLANG_ANALYZER_NONNULL = YES;
				CLANG_ANALYZER_NUMBER_OBJECT_CONVERSION = YES_AGGRESSIVE;
				CLANG_CXX_LANGUAGE_STANDARD = "gnu++14";
				CLANG_CXX_LIBRARY = "libc++";
				CLANG_ENABLE_MODULES = YES;
				CLANG_ENABLE_OBJC_ARC = YES;
				CLANG_ENABLE_OBJC_WEAK = YES;
				CLANG_WARN_BLOCK_CAPTURE_AUTORELEASING = YES;
				CLANG_WARN_BOOL_CONVERSION = YES;
				CLANG_WARN_COMMA = YES;
				CLANG_WARN_CONSTANT_CONVERSION = YES;
				CLANG_WARN_DEPRECATED_OBJC_IMPLEMENTATIONS = YES;
				CLANG_WARN_DIRECT_OBJC_ISA_USAGE = YES_ERROR;
				CLANG_WARN_DOCUMENTATION_COMMENTS = YES;
				CLANG_WARN_EMPTY_BODY = YES;
				CLANG_WARN_ENUM_CONVERSION = YES;
				CLANG_WARN_INFINITE_RECURSION = YES;
				CLANG_WARN_INT_CONVERSION = YES;
				CLANG_WARN_NON_LITERAL_NULL_CONVERSION = YES;
				CLANG_WARN_OBJC_IMPLICIT_RETAIN_SELF = YES;
				CLANG_WARN_OBJC_LITERAL_CONVERSION = YES;
				CLANG_WARN_OBJC_ROOT_CLASS = YES_ERROR;
				CLANG_WARN_RANGE_LOOP_ANALYSIS = YES;
				CLANG_WARN_STRICT_PROTOTYPES = YES;
				CLANG_WARN_SUSPICIOUS_MOVE = YES;
				CLANG_WARN_UNGUARDED_AVAILABILITY = YES_AGGRESSIVE;
				CLANG_WARN_UNREACHABLE_CODE = YES;
				CLANG_WARN__DUPLICATE_METHOD_MATCH = YES;
				COPY_PHASE_STRIP = NO;
				DEBUG_INFORMATION_FORMAT = "dwarf-with-dsym";
				ENABLE_NS_ASSERTIONS = NO;
				ENABLE_STRICT_OBJC_MSGSEND = YES;
				GCC_C_LANGUAGE_STANDARD = gnu11;
				GCC_NO_COMMON_BLOCKS = YES;
				GCC_WARN_64_TO_32_BIT_CONVERSION = YES;
				GCC_WARN_ABOUT_RETURN_TYPE = YES_ERROR;
				GCC_WARN_UNDECLARED_SELECTOR = YES;
				GCC_WARN_UNINITIALIZED_AUTOS = YES_AGGRESSIVE;
				GCC_WARN_UNUSED_FUNCTION = YES;
				GCC_WARN_UNUSED_VARIABLE = YES;
				INFOPLIST_FILE = "Food Restaurants/Info.plist";
				IPHONEOS_DEPLOYMENT_TARGET = 13.1;
				MTL_ENABLE_DEBUG_INFO = NO;
				MTL_FAST_MATH = YES;
				SDKROOT = iphoneos;
				SWIFT_COMPILATION_MODE = wholemodule;
				SWIFT_OPTIMIZATION_LEVEL = "-O";
				VALIDATE_PRODUCT = YES;
			};
			name = Release;
		};
		157175CF254F1764007B7A9F /* Debug */ = {
			isa = XCBuildConfiguration;
			buildSettings = {
				ASSETCATALOG_COMPILER_APPICON_NAME = AppIcon;
				CODE_SIGN_STYLE = Automatic;
				INFOPLIST_FILE = "Food Restaurants/Info.plist";
				IPHONEOS_DEPLOYMENT_TARGET = 13.1;
				LD_RUNPATH_SEARCH_PATHS = (
					"$(inherited)",
					"@executable_path/Frameworks",
				);
				PRODUCT_BUNDLE_IDENTIFIER = "com.Mac.Food-Restaurants";
				PRODUCT_NAME = "Food Restaurants";
				SWIFT_VERSION = 5.0;
				TARGETED_DEVICE_FAMILY = "1,2";
			};
			name = Debug;
		};
		157175D0254F1764007B7A9F /* Release */ = {
			isa = XCBuildConfiguration;
			buildSettings = {
				ASSETCATALOG_COMPILER_APPICON_NAME = AppIcon;
				CODE_SIGN_STYLE = Automatic;
				INFOPLIST_FILE = "Food Restaurants/Info.plist";
				IPHONEOS_DEPLOYMENT_TARGET = 13.1;
				LD_RUNPATH_SEARCH_PATHS = (
					"$(inherited)",
					"@executable_path/Frameworks",
				);
				PRODUCT_BUNDLE_IDENTIFIER = "com.Mac.Food-Restaurants";
				PRODUCT_NAME = "Food Restaurants";
				SWIFT_VERSION = 5.0;
				TARGETED_DEVICE_FAMILY = "1,2";
			};
			name = Release;
		};
/* End XCBuildConfiguration section */

/* Begin XCConfigurationList section */
		157175B5254F1763007B7A9F /* Build configuration list for PBXProject "Food Restaurants" */ = {
			isa = XCConfigurationList;
			buildConfigurations = (
				157175CC254F1764007B7A9F /* Debug */,
				157175CD254F1764007B7A9F /* Release */,
			);
			defaultConfigurationIsVisible = 0;
			defaultConfigurationName = Release;
		};
		157175CE254F1764007B7A9F /* Build configuration list for PBXNativeTarget "Food Restaurants" */ = {
			isa = XCConfigurationList;
			buildConfigurations = (
				157175CF254F1764007B7A9F /* Debug */,
				157175D0254F1764007B7A9F /* Release */,
			);
			defaultConfigurationIsVisible = 0;
			defaultConfigurationName = Release;
		};
/* End XCConfigurationList section */
	};
	rootObject = 157175B2254F1763007B7A9F /* Project object */;
}
