// !$*UTF8*$!
{
	archiveVersion = 1;
	classes = {
	};
	objectVersion = 52;
	objects = {

/* Begin PBXBuildFile section */
		157175BE254F1763007B7A9F /* AppDelegate.swift in Sources */ = {isa = PBXBuildFile; fileRef = 157175BD254F1763007B7A9F /* AppDelegate.swift */; };
		157175C0254F1763007B7A9F /* SceneDelegate.swift in Sources */ = {isa = PBXBuildFile; fileRef = 157175BF254F1763007B7A9F /* SceneDelegate.swift */; };
		157175C5254F1763007B7A9F /* Main.storyboard in Resources */ = {isa = PBXBuildFile; fileRef = 157175C3254F1763007B7A9F /* Main.storyboard */; };
		157175C7254F1764007B7A9F /* Assets.xcassets in Resources */ = {isa = PBXBuildFile; fileRef = 157175C6254F1764007B7A9F /* Assets.xcassets */; };
		157175CA254F1764007B7A9F /* LaunchScreen.storyboard in Resources */ = {isa = PBXBuildFile; fileRef = 157175C8254F1764007B7A9F /* LaunchScreen.storyboard */; };
		157175D2254F18D0007B7A9F /* RestaurantViewController.swift in Sources */ = {isa = PBXBuildFile; fileRef = 157175D1254F18D0007B7A9F /* RestaurantViewController.swift */; };
		157175D4254F1EDD007B7A9F /* RestaurantTableViewCell.swift in Sources */ = {isa = PBXBuildFile; fileRef = 157175D3254F1EDD007B7A9F /* RestaurantTableViewCell.swift */; };
/* End PBXBuildFile section */

/* Begin PBXFileReference section */
		157175BA254F1763007B7A9F /* Food Restaurants.app */ = {isa = PBXFileReference; explicitFileType = wrapper.application; includeInIndex = 0; path = "Food Restaurants.app"; sourceTree = BUILT_PRODUCTS_DIR; };
		157175BD254F1763007B7A9F /* AppDelegate.swift */ = {isa = PBXFileReference; lastKnownFileType = sourcecode.swift; path = AppDelegate.swift; sourceTree = "<group>"; };
		157175BF254F1763007B7A9F /* SceneDelegate.swift */ = {isa = PBXFileReference; lastKnownFileType = sourcecode.swift; path = SceneDelegate.swift; sourceTree = "<group>"; };
		157175C4254F1763007B7A9F /* Base */ = {isa = PBXFileReference; lastKnownFileType = file.storyboard; name = Base; path = Base.lproj/Main.storyboard; sourceTree = "<group>"; };
		157175C6254F1764007B7A9F /* Assets.xcassets */ = {isa = PBXFileReference; lastKnownFileType = folder.assetcatalog; path = Assets.xcassets; sourceTree = "<group>"; };
		157175C9254F1764007B7A9F /* Base */ = {isa = PBXFileReference; lastKnownFileType = file.storyboard; name = Base; path = Base.lproj/LaunchScreen.storyboard; sourceTree = "<group>"; };
		157175CB254F1764007B7A9F /* Info.plist */ = {isa = PBXFileReference; lastKnownFileType = text.plist.xml; path = Info.plist; sourceTree = "<group>"; };
		157175D1254F18D0007B7A9F /* RestaurantViewController.swift */ = {isa = PBXFileReference; lastKnownFileType = sourcecode.swift; path = RestaurantViewController.swift; sourceTree = "<group>"; };
		157175D3254F1EDD007B7A9F /* RestaurantTableViewCell.swift */ = {isa = PBXFileReference; lastKnownFileType = sourcecode.swift; path = RestaurantTableViewCell.swift; sourceTree = "<group>"; };
/* End PBXFileReference section */

/* Begin PBXFrameworksBuildPhase section */
		157175B7254F1763007B7A9F /* Frameworks */ = {
			isa = PBXFrameworksBuildPhase;
			buildActionMask = 2147483647;
			files = (
			);
			runOnlyForDeploymentPostprocessing = 0;
		};
/* End PBXFrameworksBuildPhase section */

/* Begin PBXGroup section */
		157175B1254F1763007B7A9F = {
			isa = PBXGroup;
			children = (
				157175BC254F1763007B7A9F /* Food Restaurants */,
				157175BB254F1763007B7A9F /* Products */,
			);
			sourceTree = "<group>";
		};
		157175BB254F1763007B7A9F /* Products */ = {
			isa = PBXGroup;
			children = (
				157175BA254F1763007B7A9F /* Food Restaurants.app */,
			);
			name = Products;
			sourceTree = "<group>";
		};
		157175BC254F1763007B7A9F /* Food Restaurants */ = {
			isa = PBXGroup;
			children = (
				157175BD254F1763007B7A9F /* AppDelegate.swift */,
				157175BF254F1763007B7A9F /* SceneDelegate.swift */,
				157175D1254F18D0007B7A9F /* RestaurantViewController.swift */,
				157175D3254F1EDD007B7A9F /* RestaurantTableViewCell.swift */,
				157175C3254F1763007B7A9F /* Main.storyboard */,
				157175C6254F1764007B7A9F /* Assets.xcassets */,
				157175C8254F1764007B7A9F /* LaunchScreen.storyboard */,
				157175CB254F1764007B7A9F /* Info.plist */,
			);
			path = "Food Restaurants";
			sourceTree = "<group>";
		};
/* End PBXGroup section */

/* Begin PBXNativeTarget section */
		157175B9254F1763007B7A9F /* Food Restaurants */ = {
			isa = PBXNativeTarget;
			buildConfigurationList = 157175CE254F1764007B7A9F /* Build configuration list for PBXNativeTarget "Food Restaurants" */;
			buildPhases = (
				157175B6254F1763007B7A9F /* Sources */,
				157175B7254F1763007B7A9F /* Frameworks */,
				157175B8254F1763007B7A9F /* Resources */,
			);
			buildRules = (
			);
			dependencies = (
			);
			name = "Food Restaurants";
			productName = FoodPin;
			productReference = 157175BA254F1763007B7A9F /* Food Restaurants.app */;
			productType = "com.apple.product-type.application";
		};
/* End PBXNativeTarget section */

/* Begin PBXProject section */
		157175B2254F1763007B7A9F /* Project object */ = {
			isa = PBXProject;
			attributes = {
				LastSwiftUpdateCheck = 1110;
				LastUpgradeCheck = 1110;
				ORGANIZATIONNAME = MAC;
				TargetAttributes = {
					157175B9254F1763007B7A9F = {
						CreatedOnToolsVersion = 11.1;
					};
				};
			};
			buildConfigurationList = 157175B5254F1763007B7A9F /* Build configuration list for PBXProject "Food Restaurants" */;
			compatibilityVersion = "Xcode 11.0";
			developmentRegion = en;
			hasScannedForEncodings = 0;
			knownRegions = (
				en,
				Base,
			);
			mainGroup = 157175B1254F1763007B7A9F;
			productRefGroup = 157175BB254F1763007B7A9F /* Products */;
			projectDirPath = "";
			projectRoot = "";
			targets = (
				157175B9254F1763007B7A9F /* Food Restaurants */,
			);
		};
/* End PBXProject section */

/* Begin PBXResourcesBuildPhase section */
		157175B8254F1763007B7A9F /* Resources */ = {
			isa = PBXResourcesBuildPhase;
			buildActionMask = 2147483647;
			files = (
				157175CA254F1764007B7A9F /* LaunchScreen.storyboard in Resources */,
				157175C7254F1764007B7A9F /* Assets.xcassets in Resources */,
				157175C5254F1763007B7A9F /* Main.storyboard in Resources */,
			);
			runOnlyForDeploymentPostprocessing = 0;
		};
/* End PBXResourcesBuildPhase section */

/* Begin PBXSourcesBuildPhase section */
		157175B6254F1763007B7A9F /* Sources */ = {
			isa = PBXSourcesBuildPhase;
			buildActionMask = 2147483647;
			files = (
				157175D4254F1EDD007B7A9F /* RestaurantTableViewCell.swift in Sources */,
				157175BE254F1763007B7A9F /* AppDelegate.swift in Sources */,
				157175D2254F18D0007B7A9F /* RestaurantViewController.swift in Sources */,
				157175C0254F1763007B7A9F /* SceneDelegate.swift in Sources */,
			);
			runOnlyForDeploymentPostprocessing = 0;
		};
/* End PBXSourcesBuildPhase section */

/* Begin PBXVariantGroup section */
		157175C3254F1763007B7A9F /* Main.storyboard */ = {
			isa = PBXVariantGroup;
			children = (
				157175C4254F1763007B7A9F /* Base */,
			);
			name = Main.storyboard;
			sourceTree = "<group>";
		};
		157175C8254F1764007B7A9F /* LaunchScreen.storyboard */ = {
			isa = PBXVariantGroup;
			children = (
				157175C9254F1764007B7A9F /* Base */,
			);
			name = LaunchScreen.storyboard;
			sourceTree = "<group>";
		};
/* End PBXVariantGroup section */

/* Begin XCBuildConfiguration section */
		157175CC254F1764007B7A9F /* Debug */ = {
			isa = XCBuildConfiguration;
			buildSettings = {
				ALWAYS_SEARCH_USER_PATHS = NO;
				CLANG_ANALYZER_NONNULL = YES;
				CLANG_ANALYZER_NUMBER_OBJECT_CONVERSION = YES_AGGRESSIVE;
				CLANG_CXX_LANGUAGE_STANDARD = "gnu++14";
				CLANG_CXX_LIBRARY = "libc++";
				CLANG_ENABLE_MODULES = YES;
				CLANG_ENABLE_OBJC_ARC = YES;
				CLANG_ENABLE_OBJC_WEAK = YES;
				CLANG_WARN_BLOCK_CAPTURE_AUTORELEASING = YES;
				CLANG_WARN_BOOL_CONVERSION = YES;
				CLANG_WARN_COMMA = YES;
				CLANG_WARN_CONSTANT_CONVERSION = YES;
				CLANG_WARN_DEPRECATED_OBJC_IMPLEMENTATIONS = YES;
				CLANG_WARN_DIRECT_OBJC_ISA_USAGE = YES_ERROR;
				CLANG_WARN_DOCUMENTATION_COMMENTS = YES;
				CLANG_WARN_EMPTY_BODY = YES;
				CLANG_WARN_ENUM_CONVERSION = YES;
				CLANG_WARN_INFINITE_RECURSION = YES;
				CLANG_WARN_INT_CONVERSION = YES;
				CLANG_WARN_NON_LITERAL_NULL_CONVERSION = YES;
				CLANG_WARN_OBJC_IMPLICIT_RETAIN_SELF = YES;
				CLANG_WARN_OBJC_LITERAL_CONVERSION = YES;
				CLANG_WARN_OBJC_ROOT_CLASS = YES_ERROR;
				CLANG_WARN_RANGE_LOOP_ANALYSIS = YES;
				CLANG_WARN_STRICT_PROTOTYPES = YES;
				CLANG_WARN_SUSPICIOUS_MOVE = YES;
				CLANG_WARN_UNGUARDED_AVAILABILITY = YES_AGGRESSIVE;
				CLANG_WARN_UNREACHABLE_CODE = YES;
				CLANG_WARN__DUPLICATE_METHOD_MATCH = YES;
				COPY_PHASE_STRIP = NO;
				DEBUG_INFORMATION_FORMAT = dwarf;
				ENABLE_STRICT_OBJC_MSGSEND = YES;
				ENABLE_TESTABILITY = YES;
				GCC_C_LANGUAGE_STANDARD = gnu11;
				GCC_DYNAMIC_NO_PIC = NO;
				GCC_NO_COMMON_BLOCKS = YES;
				GCC_OPTIMIZATION_LEVEL = 0;
				GCC_PREPROCESSOR_DEFINITIONS = (
					"DEBUG=1",
					"$(inherited)",
				);
				GCC_WARN_64_TO_32_BIT_CONVERSION = YES;
				GCC_WARN_ABOUT_RETURN_TYPE = YES_ERROR;
				GCC_WARN_UNDECLARED_SELECTOR = YES;
				GCC_WARN_UNINITIALIZED_AUTOS = YES_AGGRESSIVE;
				GCC_WARN_UNUSED_FUNCTION = YES;
				GCC_WARN_UNUSED_VARIABLE = YES;
				INFOPLIST_FILE = "Food Restaurants/Info.plist";
				IPHONEOS_DEPLOYMENT_TARGET = 13.1;
				MTL_ENABLE_DEBUG_INFO = INCLUDE_SOURCE;
				MTL_FAST_MATH = YES;
				ONLY_ACTIVE_ARCH = YES;
				SDKROOT = iphoneos;
				SWIFT_ACTIVE_COMPILATION_CONDITIONS = DEBUG;
				SWIFT_OPTIMIZATION_LEVEL = "-Onone";
			};
			name = Debug;
		};
		157175CD254F1764007B7A9F /* Release */ = {
			isa = XCBuildConfiguration;
			buildSettings = {
				ALWAYS_SEARCH_USER_PATHS = NO;
				CLANG_ANALYZER_NONNULL = YES;
				CLANG_ANALYZER_NUMBER_OBJECT_CONVERSION = YES_AGGRESSIVE;
				CLANG_CXX_LANGUAGE_STANDARD = "gnu++14";
				CLANG_CXX_LIBRARY = "libc++";
				CLANG_ENABLE_MODULES = YES;
				CLANG_ENABLE_OBJC_ARC = YES;
				CLANG_ENABLE_OBJC_WEAK = YES;
				CLANG_WARN_BLOCK_CAPTURE_AUTORELEASING = YES;
				CLANG_WARN_BOOL_CONVERSION = YES;
				CLANG_WARN_COMMA = YES;
				CLANG_WARN_CONSTANT_CONVERSION = YES;
				CLANG_WARN_DEPRECATED_OBJC_IMPLEMENTATIONS = YES;
				CLANG_WARN_DIRECT_OBJC_ISA_USAGE = YES_ERROR;
				CLANG_WARN_DOCUMENTATION_COMMENTS = YES;
				CLANG_WARN_EMPTY_BODY = YES;
				CLANG_WARN_ENUM_CONVERSION = YES;
				CLANG_WARN_INFINITE_RECURSION = YES;
				CLANG_WARN_INT_CONVERSION = YES;
				CLANG_WARN_NON_LITERAL_NULL_CONVERSION = YES;
				CLANG_WARN_OBJC_IMPLICIT_RETAIN_SELF = YES;
				CLANG_WARN_OBJC_LITERAL_CONVERSION = YES;
				CLANG_WARN_OBJC_ROOT_CLASS = YES_ERROR;
				CLANG_WARN_RANGE_LOOP_ANALYSIS = YES;
				CLANG_WARN_STRICT_PROTOTYPES = YES;
				CLANG_WARN_SUSPICIOUS_MOVE = YES;
				CLANG_WARN_UNGUARDED_AVAILABILITY = YES_AGGRESSIVE;
				CLANG_WARN_UNREACHABLE_CODE = YES;
				CLANG_WARN__DUPLICATE_METHOD_MATCH = YES;
				COPY_PHASE_STRIP = NO;
				DEBUG_INFORMATION_FORMAT = "dwarf-with-dsym";
				ENABLE_NS_ASSERTIONS = NO;
				ENABLE_STRICT_OBJC_MSGSEND = YES;
				GCC_C_LANGUAGE_STANDARD = gnu11;
				GCC_NO_COMMON_BLOCKS = YES;
				GCC_WARN_64_TO_32_BIT_CONVERSION = YES;
				GCC_WARN_ABOUT_RETURN_TYPE = YES_ERROR;
				GCC_WARN_UNDECLARED_SELECTOR = YES;
				GCC_WARN_UNINITIALIZED_AUTOS = YES_AGGRESSIVE;
				GCC_WARN_UNUSED_FUNCTION = YES;
				GCC_WARN_UNUSED_VARIABLE = YES;
				INFOPLIST_FILE = "Food Restaurants/Info.plist";
				IPHONEOS_DEPLOYMENT_TARGET = 13.1;
				MTL_ENABLE_DEBUG_INFO = NO;
				MTL_FAST_MATH = YES;
				SDKROOT = iphoneos;
				SWIFT_COMPILATION_MODE = wholemodule;
				SWIFT_OPTIMIZATION_LEVEL = "-O";
				VALIDATE_PRODUCT = YES;
			};
			name = Release;
		};
		157175CF254F1764007B7A9F /* Debug */ = {
			isa = XCBuildConfiguration;
			buildSettings = {
				ASSETCATALOG_COMPILER_APPICON_NAME = AppIcon;
				CODE_SIGN_STYLE = Automatic;
				INFOPLIST_FILE = "Food Restaurants/Info.plist";
				IPHONEOS_DEPLOYMENT_TARGET = 13.1;
				LD_RUNPATH_SEARCH_PATHS = (
					"$(inherited)",
					"@executable_path/Frameworks",
				);
				PRODUCT_BUNDLE_IDENTIFIER = "com.Mac.Food-Restaurants";
				PRODUCT_NAME = "Food Restaurants";
				SWIFT_VERSION = 5.0;
				TARGETED_DEVICE_FAMILY = "1,2";
			};
			name = Debug;
		};
		157175D0254F1764007B7A9F /* Release */ = {
			isa = XCBuildConfiguration;
			buildSettings = {
				ASSETCATALOG_COMPILER_APPICON_NAME = AppIcon;
				CODE_SIGN_STYLE = Automatic;
				INFOPLIST_FILE = "Food Restaurants/Info.plist";
				IPHONEOS_DEPLOYMENT_TARGET = 13.1;
				LD_RUNPATH_SEARCH_PATHS = (
					"$(inherited)",
					"@executable_path/Frameworks",
				);
				PRODUCT_BUNDLE_IDENTIFIER = "com.Mac.Food-Restaurants";
				PRODUCT_NAME = "Food Restaurants";
				SWIFT_VERSION = 5.0;
				TARGETED_DEVICE_FAMILY = "1,2";
			};
			name = Release;
		};
/* End XCBuildConfiguration section */

/* Begin XCConfigurationList section */
		157175B5254F1763007B7A9F /* Build configuration list for PBXProject "Food Restaurants" */ = {
			isa = XCConfigurationList;
			buildConfigurations = (
				157175CC254F1764007B7A9F /* Debug */,
				157175CD254F1764007B7A9F /* Release */,
			);
			defaultConfigurationIsVisible = 0;
			defaultConfigurationName = Release;
		};
		157175CE254F1764007B7A9F /* Build configuration list for PBXNativeTarget "Food Restaurants" */ = {
			isa = XCConfigurationList;
			buildConfigurations = (
				157175CF254F1764007B7A9F /* Debug */,
				157175D0254F1764007B7A9F /* Release */,
			);
			defaultConfigurationIsVisible = 0;
			defaultConfigurationName = Release;
		};
/* End XCConfigurationList section */
	};
	rootObject = 157175B2254F1763007B7A9F /* Project object */;
}
