// !$*UTF8*$!
{
	archiveVersion = 1;
	classes = {
	};
	objectVersion = 52;
	objects = {

/* Begin PBXBuildFile section */
		150C0DA9267A718E00BBB771 /* MapViewController.swift in Sources */ = {isa = PBXBuildFile; fileRef = 150C0DA1267A718D00BBB771 /* MapViewController.swift */; };
		150C0DAA267A718E00BBB771 /* RestaurantDetailViewController.swift in Sources */ = {isa = PBXBuildFile; fileRef = 150C0DA2267A718E00BBB771 /* RestaurantDetailViewController.swift */; };
		150C0DAB267A718E00BBB771 /* NewRestaurantViewController.swift in Sources */ = {isa = PBXBuildFile; fileRef = 150C0DA3267A718E00BBB771 /* NewRestaurantViewController.swift */; };
		150C0DAC267A718E00BBB771 /* WalkthroughViewController.swift in Sources */ = {isa = PBXBuildFile; fileRef = 150C0DA4267A718E00BBB771 /* WalkthroughViewController.swift */; };
		150C0DAD267A718E00BBB771 /* ReviewViewController.swift in Sources */ = {isa = PBXBuildFile; fileRef = 150C0DA5267A718E00BBB771 /* ReviewViewController.swift */; };
		150C0DAE267A718E00BBB771 /* RestaurantViewController.swift in Sources */ = {isa = PBXBuildFile; fileRef = 150C0DA6267A718E00BBB771 /* RestaurantViewController.swift */; };
		150C0DAF267A718E00BBB771 /* WalkthroughContentViewController.swift in Sources */ = {isa = PBXBuildFile; fileRef = 150C0DA7267A718E00BBB771 /* WalkthroughContentViewController.swift */; };
		150C0DB0267A718E00BBB771 /* WalkthroughPageViewController.swift in Sources */ = {isa = PBXBuildFile; fileRef = 150C0DA8267A718E00BBB771 /* WalkthroughPageViewController.swift */; };
		150C0DB2267A71E200BBB771 /* Onboarding.storyboard in Resources */ = {isa = PBXBuildFile; fileRef = 150C0DB1267A71E200BBB771 /* Onboarding.storyboard */; };
		15123F96267A6F4F001A59F3 /* Rubik-MediumItalic.ttf in Resources */ = {isa = PBXBuildFile; fileRef = 15123F8C267A6F4F001A59F3 /* Rubik-MediumItalic.ttf */; };
		15123F97267A6F4F001A59F3 /* Rubik-Bold.ttf in Resources */ = {isa = PBXBuildFile; fileRef = 15123F8D267A6F4F001A59F3 /* Rubik-Bold.ttf */; };
		15123F98267A6F4F001A59F3 /* Rubik-Light.ttf in Resources */ = {isa = PBXBuildFile; fileRef = 15123F8E267A6F4F001A59F3 /* Rubik-Light.ttf */; };
		15123F99267A6F4F001A59F3 /* Rubik-Medium.ttf in Resources */ = {isa = PBXBuildFile; fileRef = 15123F8F267A6F4F001A59F3 /* Rubik-Medium.ttf */; };
		15123F9A267A6F4F001A59F3 /* Rubik-Black.ttf in Resources */ = {isa = PBXBuildFile; fileRef = 15123F90267A6F4F001A59F3 /* Rubik-Black.ttf */; };
		15123F9B267A6F4F001A59F3 /* Rubik-Italic.ttf in Resources */ = {isa = PBXBuildFile; fileRef = 15123F91267A6F4F001A59F3 /* Rubik-Italic.ttf */; };
		15123F9C267A6F4F001A59F3 /* Rubik-LightItalic.ttf in Resources */ = {isa = PBXBuildFile; fileRef = 15123F92267A6F4F001A59F3 /* Rubik-LightItalic.ttf */; };
		15123F9D267A6F4F001A59F3 /* Rubik-BlackItalic.ttf in Resources */ = {isa = PBXBuildFile; fileRef = 15123F93267A6F4F001A59F3 /* Rubik-BlackItalic.ttf */; };
		15123F9E267A6F4F001A59F3 /* Rubik-Regular.ttf in Resources */ = {isa = PBXBuildFile; fileRef = 15123F94267A6F4F001A59F3 /* Rubik-Regular.ttf */; };
		15123F9F267A6F4F001A59F3 /* Rubik-BoldItalic.ttf in Resources */ = {isa = PBXBuildFile; fileRef = 15123F95267A6F4F001A59F3 /* Rubik-BoldItalic.ttf */; };
		15123FA3267A6F61001A59F3 /* UINavigationController+Ext.swift in Sources */ = {isa = PBXBuildFile; fileRef = 15123FA1267A6F61001A59F3 /* UINavigationController+Ext.swift */; };
		15123FA4267A6F61001A59F3 /* UIColor+Ext.swift in Sources */ = {isa = PBXBuildFile; fileRef = 15123FA2267A6F61001A59F3 /* UIColor+Ext.swift */; };
		15123FA7267A6F68001A59F3 /* Restaurant.swift in Sources */ = {isa = PBXBuildFile; fileRef = 15123FA6267A6F67001A59F3 /* Restaurant.swift */; };
		154F97CF267A662B003C822E /* LaunchScreen.storyboard in Resources */ = {isa = PBXBuildFile; fileRef = 154F97CB267A662B003C822E /* LaunchScreen.storyboard */; };
		154F97D0267A662B003C822E /* Main.storyboard in Resources */ = {isa = PBXBuildFile; fileRef = 154F97CD267A662B003C822E /* Main.storyboard */; };
		157175BE254F1763007B7A9F /* AppDelegate.swift in Sources */ = {isa = PBXBuildFile; fileRef = 157175BD254F1763007B7A9F /* AppDelegate.swift */; };
		157175C0254F1763007B7A9F /* SceneDelegate.swift in Sources */ = {isa = PBXBuildFile; fileRef = 157175BF254F1763007B7A9F /* SceneDelegate.swift */; };
		157175C7254F1764007B7A9F /* Assets.xcassets in Resources */ = {isa = PBXBuildFile; fileRef = 157175C6254F1764007B7A9F /* Assets.xcassets */; };
		15BCF2FD267A70A6006EB441 /* RestaurantDetailSeparatorCell.swift in Sources */ = {isa = PBXBuildFile; fileRef = 15BCF2F6267A70A6006EB441 /* RestaurantDetailSeparatorCell.swift */; };
		15BCF2FE267A70A6006EB441 /* RestaurantDetailHeaderView.swift in Sources */ = {isa = PBXBuildFile; fileRef = 15BCF2F7267A70A6006EB441 /* RestaurantDetailHeaderView.swift */; };
		15BCF2FF267A70A6006EB441 /* RestaurantDetailMapCell.swift in Sources */ = {isa = PBXBuildFile; fileRef = 15BCF2F8267A70A6006EB441 /* RestaurantDetailMapCell.swift */; };
		15BCF300267A70A6006EB441 /* RestaurantDetailIconTextCell.swift in Sources */ = {isa = PBXBuildFile; fileRef = 15BCF2F9267A70A6006EB441 /* RestaurantDetailIconTextCell.swift */; };
		15BCF301267A70A6006EB441 /* RoundedTextField.swift in Sources */ = {isa = PBXBuildFile; fileRef = 15BCF2FA267A70A6006EB441 /* RoundedTextField.swift */; };
		15BCF302267A70A6006EB441 /* RestaurantDetailTextCell.swift in Sources */ = {isa = PBXBuildFile; fileRef = 15BCF2FB267A70A6006EB441 /* RestaurantDetailTextCell.swift */; };
		15BCF303267A70A6006EB441 /* RestaurantTableViewCell.swift in Sources */ = {isa = PBXBuildFile; fileRef = 15BCF2FC267A70A6006EB441 /* RestaurantTableViewCell.swift */; };
/* End PBXBuildFile section */

/* Begin PBXFileReference section */
		150C0DA1267A718D00BBB771 /* MapViewController.swift */ = {isa = PBXFileReference; fileEncoding = 4; lastKnownFileType = sourcecode.swift; path = MapViewController.swift; sourceTree = "<group>"; };
		150C0DA2267A718E00BBB771 /* RestaurantDetailViewController.swift */ = {isa = PBXFileReference; fileEncoding = 4; lastKnownFileType = sourcecode.swift; path = RestaurantDetailViewController.swift; sourceTree = "<group>"; };
		150C0DA3267A718E00BBB771 /* NewRestaurantViewController.swift */ = {isa = PBXFileReference; fileEncoding = 4; lastKnownFileType = sourcecode.swift; path = NewRestaurantViewController.swift; sourceTree = "<group>"; };
		150C0DA4267A718E00BBB771 /* WalkthroughViewController.swift */ = {isa = PBXFileReference; fileEncoding = 4; lastKnownFileType = sourcecode.swift; path = WalkthroughViewController.swift; sourceTree = "<group>"; };
		150C0DA5267A718E00BBB771 /* ReviewViewController.swift */ = {isa = PBXFileReference; fileEncoding = 4; lastKnownFileType = sourcecode.swift; path = ReviewViewController.swift; sourceTree = "<group>"; };
		150C0DA6267A718E00BBB771 /* RestaurantViewController.swift */ = {isa = PBXFileReference; fileEncoding = 4; lastKnownFileType = sourcecode.swift; path = RestaurantViewController.swift; sourceTree = "<group>"; };
		150C0DA7267A718E00BBB771 /* WalkthroughContentViewController.swift */ = {isa = PBXFileReference; fileEncoding = 4; lastKnownFileType = sourcecode.swift; path = WalkthroughContentViewController.swift; sourceTree = "<group>"; };
		150C0DA8267A718E00BBB771 /* WalkthroughPageViewController.swift */ = {isa = PBXFileReference; fileEncoding = 4; lastKnownFileType = sourcecode.swift; path = WalkthroughPageViewController.swift; sourceTree = "<group>"; };
		150C0DB1267A71E200BBB771 /* Onboarding.storyboard */ = {isa = PBXFileReference; fileEncoding = 4; lastKnownFileType = file.storyboard; path = Onboarding.storyboard; sourceTree = "<group>"; };
		15123F8C267A6F4F001A59F3 /* Rubik-MediumItalic.ttf */ = {isa = PBXFileReference; lastKnownFileType = file; path = "Rubik-MediumItalic.ttf"; sourceTree = "<group>"; };
		15123F8D267A6F4F001A59F3 /* Rubik-Bold.ttf */ = {isa = PBXFileReference; lastKnownFileType = file; path = "Rubik-Bold.ttf"; sourceTree = "<group>"; };
		15123F8E267A6F4F001A59F3 /* Rubik-Light.ttf */ = {isa = PBXFileReference; lastKnownFileType = file; path = "Rubik-Light.ttf"; sourceTree = "<group>"; };
		15123F8F267A6F4F001A59F3 /* Rubik-Medium.ttf */ = {isa = PBXFileReference; lastKnownFileType = file; path = "Rubik-Medium.ttf"; sourceTree = "<group>"; };
		15123F90267A6F4F001A59F3 /* Rubik-Black.ttf */ = {isa = PBXFileReference; lastKnownFileType = file; path = "Rubik-Black.ttf"; sourceTree = "<group>"; };
		15123F91267A6F4F001A59F3 /* Rubik-Italic.ttf */ = {isa = PBXFileReference; lastKnownFileType = file; path = "Rubik-Italic.ttf"; sourceTree = "<group>"; };
		15123F92267A6F4F001A59F3 /* Rubik-LightItalic.ttf */ = {isa = PBXFileReference; lastKnownFileType = file; path = "Rubik-LightItalic.ttf"; sourceTree = "<group>"; };
		15123F93267A6F4F001A59F3 /* Rubik-BlackItalic.ttf */ = {isa = PBXFileReference; lastKnownFileType = file; path = "Rubik-BlackItalic.ttf"; sourceTree = "<group>"; };
		15123F94267A6F4F001A59F3 /* Rubik-Regular.ttf */ = {isa = PBXFileReference; lastKnownFileType = file; path = "Rubik-Regular.ttf"; sourceTree = "<group>"; };
		15123F95267A6F4F001A59F3 /* Rubik-BoldItalic.ttf */ = {isa = PBXFileReference; lastKnownFileType = file; path = "Rubik-BoldItalic.ttf"; sourceTree = "<group>"; };
		15123FA1267A6F61001A59F3 /* UINavigationController+Ext.swift */ = {isa = PBXFileReference; fileEncoding = 4; lastKnownFileType = sourcecode.swift; path = "UINavigationController+Ext.swift"; sourceTree = "<group>"; };
		15123FA2267A6F61001A59F3 /* UIColor+Ext.swift */ = {isa = PBXFileReference; fileEncoding = 4; lastKnownFileType = sourcecode.swift; path = "UIColor+Ext.swift"; sourceTree = "<group>"; };
		15123FA6267A6F67001A59F3 /* Restaurant.swift */ = {isa = PBXFileReference; fileEncoding = 4; lastKnownFileType = sourcecode.swift; path = Restaurant.swift; sourceTree = "<group>"; };
		154F97CC267A662B003C822E /* Base */ = {isa = PBXFileReference; lastKnownFileType = file.storyboard; name = Base; path = Base.lproj/LaunchScreen.storyboard; sourceTree = "<group>"; };
		154F97CE267A662B003C822E /* Base */ = {isa = PBXFileReference; lastKnownFileType = file.storyboard; name = Base; path = Base.lproj/Main.storyboard; sourceTree = "<group>"; };
		157175BA254F1763007B7A9F /* Food Restaurants.app */ = {isa = PBXFileReference; explicitFileType = wrapper.application; includeInIndex = 0; path = "Food Restaurants.app"; sourceTree = BUILT_PRODUCTS_DIR; };
		157175BD254F1763007B7A9F /* AppDelegate.swift */ = {isa = PBXFileReference; lastKnownFileType = sourcecode.swift; path = AppDelegate.swift; sourceTree = "<group>"; };
		157175BF254F1763007B7A9F /* SceneDelegate.swift */ = {isa = PBXFileReference; lastKnownFileType = sourcecode.swift; path = SceneDelegate.swift; sourceTree = "<group>"; };
		157175C6254F1764007B7A9F /* Assets.xcassets */ = {isa = PBXFileReference; lastKnownFileType = folder.assetcatalog; path = Assets.xcassets; sourceTree = "<group>"; };
		157175CB254F1764007B7A9F /* Info.plist */ = {isa = PBXFileReference; lastKnownFileType = text.plist.xml; path = Info.plist; sourceTree = "<group>"; };
		15BCF2F6267A70A6006EB441 /* RestaurantDetailSeparatorCell.swift */ = {isa = PBXFileReference; fileEncoding = 4; lastKnownFileType = sourcecode.swift; name = RestaurantDetailSeparatorCell.swift; path = "../../../../APPCoda/21 Walkthrough Screens/FoodPin/FoodPin/View/RestaurantDetailSeparatorCell.swift"; sourceTree = "<group>"; };
		15BCF2F7267A70A6006EB441 /* RestaurantDetailHeaderView.swift */ = {isa = PBXFileReference; fileEncoding = 4; lastKnownFileType = sourcecode.swift; name = RestaurantDetailHeaderView.swift; path = "../../../../APPCoda/21 Walkthrough Screens/FoodPin/FoodPin/View/RestaurantDetailHeaderView.swift"; sourceTree = "<group>"; };
		15BCF2F8267A70A6006EB441 /* RestaurantDetailMapCell.swift */ = {isa = PBXFileReference; fileEncoding = 4; lastKnownFileType = sourcecode.swift; name = RestaurantDetailMapCell.swift; path = "../../../../APPCoda/21 Walkthrough Screens/FoodPin/FoodPin/View/RestaurantDetailMapCell.swift"; sourceTree = "<group>"; };
		15BCF2F9267A70A6006EB441 /* RestaurantDetailIconTextCell.swift */ = {isa = PBXFileReference; fileEncoding = 4; lastKnownFileType = sourcecode.swift; name = RestaurantDetailIconTextCell.swift; path = "../../../../APPCoda/21 Walkthrough Screens/FoodPin/FoodPin/View/RestaurantDetailIconTextCell.swift"; sourceTree = "<group>"; };
		15BCF2FA267A70A6006EB441 /* RoundedTextField.swift */ = {isa = PBXFileReference; fileEncoding = 4; lastKnownFileType = sourcecode.swift; name = RoundedTextField.swift; path = "../../../../APPCoda/21 Walkthrough Screens/FoodPin/FoodPin/View/RoundedTextField.swift"; sourceTree = "<group>"; };
		15BCF2FB267A70A6006EB441 /* RestaurantDetailTextCell.swift */ = {isa = PBXFileReference; fileEncoding = 4; lastKnownFileType = sourcecode.swift; name = RestaurantDetailTextCell.swift; path = "../../../../APPCoda/21 Walkthrough Screens/FoodPin/FoodPin/View/RestaurantDetailTextCell.swift"; sourceTree = "<group>"; };
		15BCF2FC267A70A6006EB441 /* RestaurantTableViewCell.swift */ = {isa = PBXFileReference; fileEncoding = 4; lastKnownFileType = sourcecode.swift; name = RestaurantTableViewCell.swift; path = "../../../../APPCoda/21 Walkthrough Screens/FoodPin/FoodPin/View/RestaurantTableViewCell.swift"; sourceTree = "<group>"; };
/* End PBXFileReference section */

/* Begin PBXFrameworksBuildPhase section */
		157175B7254F1763007B7A9F /* Frameworks */ = {
			isa = PBXFrameworksBuildPhase;
			buildActionMask = 2147483647;
			files = (
			);
			runOnlyForDeploymentPostprocessing = 0;
		};
/* End PBXFrameworksBuildPhase section */

/* Begin PBXGroup section */
		15123F8A267A6F4F001A59F3 /* Resources */ = {
			isa = PBXGroup;
			children = (
				15123F8B267A6F4F001A59F3 /* Fonts */,
			);
			path = Resources;
			sourceTree = "<group>";
		};
		15123F8B267A6F4F001A59F3 /* Fonts */ = {
			isa = PBXGroup;
			children = (
				15123F8C267A6F4F001A59F3 /* Rubik-MediumItalic.ttf */,
				15123F8D267A6F4F001A59F3 /* Rubik-Bold.ttf */,
				15123F8E267A6F4F001A59F3 /* Rubik-Light.ttf */,
				15123F8F267A6F4F001A59F3 /* Rubik-Medium.ttf */,
				15123F90267A6F4F001A59F3 /* Rubik-Black.ttf */,
				15123F91267A6F4F001A59F3 /* Rubik-Italic.ttf */,
				15123F92267A6F4F001A59F3 /* Rubik-LightItalic.ttf */,
				15123F93267A6F4F001A59F3 /* Rubik-BlackItalic.ttf */,
				15123F94267A6F4F001A59F3 /* Rubik-Regular.ttf */,
				15123F95267A6F4F001A59F3 /* Rubik-BoldItalic.ttf */,
			);
			path = Fonts;
			sourceTree = "<group>";
		};
		15123FA0267A6F61001A59F3 /* Extensions */ = {
			isa = PBXGroup;
			children = (
				15123FA1267A6F61001A59F3 /* UINavigationController+Ext.swift */,
				15123FA2267A6F61001A59F3 /* UIColor+Ext.swift */,
			);
			path = Extensions;
			sourceTree = "<group>";
		};
		15123FA5267A6F67001A59F3 /* Model */ = {
			isa = PBXGroup;
			children = (
				15123FA6267A6F67001A59F3 /* Restaurant.swift */,
			);
			path = Model;
			sourceTree = "<group>";
		};
		15123FA8267A6F6F001A59F3 /* Controller */ = {
			isa = PBXGroup;
			children = (
				150C0DA1267A718D00BBB771 /* MapViewController.swift */,
				150C0DA3267A718E00BBB771 /* NewRestaurantViewController.swift */,
				150C0DA2267A718E00BBB771 /* RestaurantDetailViewController.swift */,
				150C0DA6267A718E00BBB771 /* RestaurantViewController.swift */,
				150C0DA5267A718E00BBB771 /* ReviewViewController.swift */,
				150C0DA7267A718E00BBB771 /* WalkthroughContentViewController.swift */,
				150C0DA8267A718E00BBB771 /* WalkthroughPageViewController.swift */,
				150C0DA4267A718E00BBB771 /* WalkthroughViewController.swift */,
			);
			path = Controller;
			sourceTree = "<group>";
		};
		15123FB3267A6F77001A59F3 /* View */ = {
			isa = PBXGroup;
			children = (
				15BCF2F7267A70A6006EB441 /* RestaurantDetailHeaderView.swift */,
				15BCF2F9267A70A6006EB441 /* RestaurantDetailIconTextCell.swift */,
				15BCF2F8267A70A6006EB441 /* RestaurantDetailMapCell.swift */,
				15BCF2F6267A70A6006EB441 /* RestaurantDetailSeparatorCell.swift */,
				15BCF2FB267A70A6006EB441 /* RestaurantDetailTextCell.swift */,
				15BCF2FC267A70A6006EB441 /* RestaurantTableViewCell.swift */,
				15BCF2FA267A70A6006EB441 /* RoundedTextField.swift */,
			);
			path = View;
			sourceTree = "<group>";
		};
		154F97CA267A662B003C822E /* Storyboard */ = {
			isa = PBXGroup;
			children = (
				154F97CB267A662B003C822E /* LaunchScreen.storyboard */,
				154F97CD267A662B003C822E /* Main.storyboard */,
				150C0DB1267A71E200BBB771 /* Onboarding.storyboard */,
			);
			path = Storyboard;
			sourceTree = "<group>";
		};
		157175B1254F1763007B7A9F = {
			isa = PBXGroup;
			children = (
				157175BC254F1763007B7A9F /* Food Restaurants */,
				157175BB254F1763007B7A9F /* Products */,
			);
			sourceTree = "<group>";
		};
		157175BB254F1763007B7A9F /* Products */ = {
			isa = PBXGroup;
			children = (
				157175BA254F1763007B7A9F /* Food Restaurants.app */,
			);
			name = Products;
			sourceTree = "<group>";
		};
		157175BC254F1763007B7A9F /* Food Restaurants */ = {
			isa = PBXGroup;
			children = (
				157175BD254F1763007B7A9F /* AppDelegate.swift */,
				157175BF254F1763007B7A9F /* SceneDelegate.swift */,
				15123F8A267A6F4F001A59F3 /* Resources */,
				15123FA0267A6F61001A59F3 /* Extensions */,
				15123FA5267A6F67001A59F3 /* Model */,
				15123FA8267A6F6F001A59F3 /* Controller */,
				15123FB3267A6F77001A59F3 /* View */,
				154F97CA267A662B003C822E /* Storyboard */,
				157175C6254F1764007B7A9F /* Assets.xcassets */,
				157175CB254F1764007B7A9F /* Info.plist */,
			);
			path = "Food Restaurants";
			sourceTree = "<group>";
		};
/* End PBXGroup section */

/* Begin PBXNativeTarget section */
		157175B9254F1763007B7A9F /* Food Restaurants */ = {
			isa = PBXNativeTarget;
			buildConfigurationList = 157175CE254F1764007B7A9F /* Build configuration list for PBXNativeTarget "Food Restaurants" */;
			buildPhases = (
				157175B6254F1763007B7A9F /* Sources */,
				157175B7254F1763007B7A9F /* Frameworks */,
				157175B8254F1763007B7A9F /* Resources */,
			);
			buildRules = (
			);
			dependencies = (
			);
			name = "Food Restaurants";
			productName = FoodPin;
			productReference = 157175BA254F1763007B7A9F /* Food Restaurants.app */;
			productType = "com.apple.product-type.application";
		};
/* End PBXNativeTarget section */

/* Begin PBXProject section */
		157175B2254F1763007B7A9F /* Project object */ = {
			isa = PBXProject;
			attributes = {
				LastSwiftUpdateCheck = 1110;
				LastUpgradeCheck = 1110;
				ORGANIZATIONNAME = MAC;
				TargetAttributes = {
					157175B9254F1763007B7A9F = {
						CreatedOnToolsVersion = 11.1;
					};
				};
			};
			buildConfigurationList = 157175B5254F1763007B7A9F /* Build configuration list for PBXProject "Food Restaurants" */;
			compatibilityVersion = "Xcode 11.0";
			developmentRegion = en;
			hasScannedForEncodings = 0;
			knownRegions = (
				en,
				Base,
			);
			mainGroup = 157175B1254F1763007B7A9F;
			productRefGroup = 157175BB254F1763007B7A9F /* Products */;
			projectDirPath = "";
			projectRoot = "";
			targets = (
				157175B9254F1763007B7A9F /* Food Restaurants */,
			);
		};
/* End PBXProject section */

/* Begin PBXResourcesBuildPhase section */
		157175B8254F1763007B7A9F /* Resources */ = {
			isa = PBXResourcesBuildPhase;
			buildActionMask = 2147483647;
			files = (
				154F97D0267A662B003C822E /* Main.storyboard in Resources */,
				15123F9E267A6F4F001A59F3 /* Rubik-Regular.ttf in Resources */,
				15123F9C267A6F4F001A59F3 /* Rubik-LightItalic.ttf in Resources */,
				15123F98267A6F4F001A59F3 /* Rubik-Light.ttf in Resources */,
				15123F9A267A6F4F001A59F3 /* Rubik-Black.ttf in Resources */,
				157175C7254F1764007B7A9F /* Assets.xcassets in Resources */,
				15123F9D267A6F4F001A59F3 /* Rubik-BlackItalic.ttf in Resources */,
				154F97CF267A662B003C822E /* LaunchScreen.storyboard in Resources */,
				15123F9B267A6F4F001A59F3 /* Rubik-Italic.ttf in Resources */,
				15123F96267A6F4F001A59F3 /* Rubik-MediumItalic.ttf in Resources */,
				15123F97267A6F4F001A59F3 /* Rubik-Bold.ttf in Resources */,
				150C0DB2267A71E200BBB771 /* Onboarding.storyboard in Resources */,
				15123F9F267A6F4F001A59F3 /* Rubik-BoldItalic.ttf in Resources */,
				15123F99267A6F4F001A59F3 /* Rubik-Medium.ttf in Resources */,
			);
			runOnlyForDeploymentPostprocessing = 0;
		};
/* End PBXResourcesBuildPhase section */

/* Begin PBXSourcesBuildPhase section */
		157175B6254F1763007B7A9F /* Sources */ = {
			isa = PBXSourcesBuildPhase;
			buildActionMask = 2147483647;
			files = (
				15BCF303267A70A6006EB441 /* RestaurantTableViewCell.swift in Sources */,
				15123FA7267A6F68001A59F3 /* Restaurant.swift in Sources */,
				150C0DB0267A718E00BBB771 /* WalkthroughPageViewController.swift in Sources */,
				15BCF2FF267A70A6006EB441 /* RestaurantDetailMapCell.swift in Sources */,
				15BCF2FD267A70A6006EB441 /* RestaurantDetailSeparatorCell.swift in Sources */,
				157175BE254F1763007B7A9F /* AppDelegate.swift in Sources */,
				15123FA4267A6F61001A59F3 /* UIColor+Ext.swift in Sources */,
				150C0DA9267A718E00BBB771 /* MapViewController.swift in Sources */,
				15BCF301267A70A6006EB441 /* RoundedTextField.swift in Sources */,
				15BCF300267A70A6006EB441 /* RestaurantDetailIconTextCell.swift in Sources */,
				150C0DAC267A718E00BBB771 /* WalkthroughViewController.swift in Sources */,
				15BCF302267A70A6006EB441 /* RestaurantDetailTextCell.swift in Sources */,
				157175C0254F1763007B7A9F /* SceneDelegate.swift in Sources */,
				150C0DAF267A718E00BBB771 /* WalkthroughContentViewController.swift in Sources */,
				15BCF2FE267A70A6006EB441 /* RestaurantDetailHeaderView.swift in Sources */,
				150C0DAE267A718E00BBB771 /* RestaurantViewController.swift in Sources */,
				150C0DAB267A718E00BBB771 /* NewRestaurantViewController.swift in Sources */,
				150C0DAD267A718E00BBB771 /* ReviewViewController.swift in Sources */,
				150C0DAA267A718E00BBB771 /* RestaurantDetailViewController.swift in Sources */,
				15123FA3267A6F61001A59F3 /* UINavigationController+Ext.swift in Sources */,
			);
			runOnlyForDeploymentPostprocessing = 0;
		};
/* End PBXSourcesBuildPhase section */

/* Begin PBXVariantGroup section */
		154F97CB267A662B003C822E /* LaunchScreen.storyboard */ = {
			isa = PBXVariantGroup;
			children = (
				154F97CC267A662B003C822E /* Base */,
			);
			name = LaunchScreen.storyboard;
			sourceTree = "<group>";
		};
		154F97CD267A662B003C822E /* Main.storyboard */ = {
			isa = PBXVariantGroup;
			children = (
				154F97CE267A662B003C822E /* Base */,
			);
			name = Main.storyboard;
			sourceTree = "<group>";
		};
/* End PBXVariantGroup section */

/* Begin XCBuildConfiguration section */
		157175CC254F1764007B7A9F /* Debug */ = {
			isa = XCBuildConfiguration;
			buildSettings = {
				ALWAYS_SEARCH_USER_PATHS = NO;
				CLANG_ANALYZER_NONNULL = YES;
				CLANG_ANALYZER_NUMBER_OBJECT_CONVERSION = YES_AGGRESSIVE;
				CLANG_CXX_LANGUAGE_STANDARD = "gnu++14";
				CLANG_CXX_LIBRARY = "libc++";
				CLANG_ENABLE_MODULES = YES;
				CLANG_ENABLE_OBJC_ARC = YES;
				CLANG_ENABLE_OBJC_WEAK = YES;
				CLANG_WARN_BLOCK_CAPTURE_AUTORELEASING = YES;
				CLANG_WARN_BOOL_CONVERSION = YES;
				CLANG_WARN_COMMA = YES;
				CLANG_WARN_CONSTANT_CONVERSION = YES;
				CLANG_WARN_DEPRECATED_OBJC_IMPLEMENTATIONS = YES;
				CLANG_WARN_DIRECT_OBJC_ISA_USAGE = YES_ERROR;
				CLANG_WARN_DOCUMENTATION_COMMENTS = YES;
				CLANG_WARN_EMPTY_BODY = YES;
				CLANG_WARN_ENUM_CONVERSION = YES;
				CLANG_WARN_INFINITE_RECURSION = YES;
				CLANG_WARN_INT_CONVERSION = YES;
				CLANG_WARN_NON_LITERAL_NULL_CONVERSION = YES;
				CLANG_WARN_OBJC_IMPLICIT_RETAIN_SELF = YES;
				CLANG_WARN_OBJC_LITERAL_CONVERSION = YES;
				CLANG_WARN_OBJC_ROOT_CLASS = YES_ERROR;
				CLANG_WARN_RANGE_LOOP_ANALYSIS = YES;
				CLANG_WARN_STRICT_PROTOTYPES = YES;
				CLANG_WARN_SUSPICIOUS_MOVE = YES;
				CLANG_WARN_UNGUARDED_AVAILABILITY = YES_AGGRESSIVE;
				CLANG_WARN_UNREACHABLE_CODE = YES;
				CLANG_WARN__DUPLICATE_METHOD_MATCH = YES;
				COPY_PHASE_STRIP = NO;
				DEBUG_INFORMATION_FORMAT = dwarf;
				ENABLE_STRICT_OBJC_MSGSEND = YES;
				ENABLE_TESTABILITY = YES;
				GCC_C_LANGUAGE_STANDARD = gnu11;
				GCC_DYNAMIC_NO_PIC = NO;
				GCC_NO_COMMON_BLOCKS = YES;
				GCC_OPTIMIZATION_LEVEL = 0;
				GCC_PREPROCESSOR_DEFINITIONS = (
					"DEBUG=1",
					"$(inherited)",
				);
				GCC_WARN_64_TO_32_BIT_CONVERSION = YES;
				GCC_WARN_ABOUT_RETURN_TYPE = YES_ERROR;
				GCC_WARN_UNDECLARED_SELECTOR = YES;
				GCC_WARN_UNINITIALIZED_AUTOS = YES_AGGRESSIVE;
				GCC_WARN_UNUSED_FUNCTION = YES;
				GCC_WARN_UNUSED_VARIABLE = YES;
				INFOPLIST_FILE = "Food Restaurants/Info.plist";
				IPHONEOS_DEPLOYMENT_TARGET = 13.1;
				MTL_ENABLE_DEBUG_INFO = INCLUDE_SOURCE;
				MTL_FAST_MATH = YES;
				ONLY_ACTIVE_ARCH = YES;
				SDKROOT = iphoneos;
				SWIFT_ACTIVE_COMPILATION_CONDITIONS = DEBUG;
				SWIFT_OPTIMIZATION_LEVEL = "-Onone";
			};
			name = Debug;
		};
		157175CD254F1764007B7A9F /* Release */ = {
			isa = XCBuildConfiguration;
			buildSettings = {
				ALWAYS_SEARCH_USER_PATHS = NO;
				CLANG_ANALYZER_NONNULL = YES;
				CLANG_ANALYZER_NUMBER_OBJECT_CONVERSION = YES_AGGRESSIVE;
				CLANG_CXX_LANGUAGE_STANDARD = "gnu++14";
				CLANG_CXX_LIBRARY = "libc++";
				CLANG_ENABLE_MODULES = YES;
				CLANG_ENABLE_OBJC_ARC = YES;
				CLANG_ENABLE_OBJC_WEAK = YES;
				CLANG_WARN_BLOCK_CAPTURE_AUTORELEASING = YES;
				CLANG_WARN_BOOL_CONVERSION = YES;
				CLANG_WARN_COMMA = YES;
				CLANG_WARN_CONSTANT_CONVERSION = YES;
				CLANG_WARN_DEPRECATED_OBJC_IMPLEMENTATIONS = YES;
				CLANG_WARN_DIRECT_OBJC_ISA_USAGE = YES_ERROR;
				CLANG_WARN_DOCUMENTATION_COMMENTS = YES;
				CLANG_WARN_EMPTY_BODY = YES;
				CLANG_WARN_ENUM_CONVERSION = YES;
				CLANG_WARN_INFINITE_RECURSION = YES;
				CLANG_WARN_INT_CONVERSION = YES;
				CLANG_WARN_NON_LITERAL_NULL_CONVERSION = YES;
				CLANG_WARN_OBJC_IMPLICIT_RETAIN_SELF = YES;
				CLANG_WARN_OBJC_LITERAL_CONVERSION = YES;
				CLANG_WARN_OBJC_ROOT_CLASS = YES_ERROR;
				CLANG_WARN_RANGE_LOOP_ANALYSIS = YES;
				CLANG_WARN_STRICT_PROTOTYPES = YES;
				CLANG_WARN_SUSPICIOUS_MOVE = YES;
				CLANG_WARN_UNGUARDED_AVAILABILITY = YES_AGGRESSIVE;
				CLANG_WARN_UNREACHABLE_CODE = YES;
				CLANG_WARN__DUPLICATE_METHOD_MATCH = YES;
				COPY_PHASE_STRIP = NO;
				DEBUG_INFORMATION_FORMAT = "dwarf-with-dsym";
				ENABLE_NS_ASSERTIONS = NO;
				ENABLE_STRICT_OBJC_MSGSEND = YES;
				GCC_C_LANGUAGE_STANDARD = gnu11;
				GCC_NO_COMMON_BLOCKS = YES;
				GCC_WARN_64_TO_32_BIT_CONVERSION = YES;
				GCC_WARN_ABOUT_RETURN_TYPE = YES_ERROR;
				GCC_WARN_UNDECLARED_SELECTOR = YES;
				GCC_WARN_UNINITIALIZED_AUTOS = YES_AGGRESSIVE;
				GCC_WARN_UNUSED_FUNCTION = YES;
				GCC_WARN_UNUSED_VARIABLE = YES;
				INFOPLIST_FILE = "Food Restaurants/Info.plist";
				IPHONEOS_DEPLOYMENT_TARGET = 13.1;
				MTL_ENABLE_DEBUG_INFO = NO;
				MTL_FAST_MATH = YES;
				SDKROOT = iphoneos;
				SWIFT_COMPILATION_MODE = wholemodule;
				SWIFT_OPTIMIZATION_LEVEL = "-O";
				VALIDATE_PRODUCT = YES;
			};
			name = Release;
		};
		157175CF254F1764007B7A9F /* Debug */ = {
			isa = XCBuildConfiguration;
			buildSettings = {
				ASSETCATALOG_COMPILER_APPICON_NAME = AppIcon;
				CODE_SIGN_STYLE = Automatic;
				INFOPLIST_FILE = "Food Restaurants/Info.plist";
				IPHONEOS_DEPLOYMENT_TARGET = 13.1;
				LD_RUNPATH_SEARCH_PATHS = (
					"$(inherited)",
					"@executable_path/Frameworks",
				);
				PRODUCT_BUNDLE_IDENTIFIER = "com.Mac.Food-Restaurants";
				PRODUCT_NAME = "Food Restaurants";
				SWIFT_VERSION = 5.0;
				TARGETED_DEVICE_FAMILY = "1,2";
			};
			name = Debug;
		};
		157175D0254F1764007B7A9F /* Release */ = {
			isa = XCBuildConfiguration;
			buildSettings = {
				ASSETCATALOG_COMPILER_APPICON_NAME = AppIcon;
				CODE_SIGN_STYLE = Automatic;
				INFOPLIST_FILE = "Food Restaurants/Info.plist";
				IPHONEOS_DEPLOYMENT_TARGET = 13.1;
				LD_RUNPATH_SEARCH_PATHS = (
					"$(inherited)",
					"@executable_path/Frameworks",
				);
				PRODUCT_BUNDLE_IDENTIFIER = "com.Mac.Food-Restaurants";
				PRODUCT_NAME = "Food Restaurants";
				SWIFT_VERSION = 5.0;
				TARGETED_DEVICE_FAMILY = "1,2";
			};
			name = Release;
		};
/* End XCBuildConfiguration section */

/* Begin XCConfigurationList section */
		157175B5254F1763007B7A9F /* Build configuration list for PBXProject "Food Restaurants" */ = {
			isa = XCConfigurationList;
			buildConfigurations = (
				157175CC254F1764007B7A9F /* Debug */,
				157175CD254F1764007B7A9F /* Release */,
			);
			defaultConfigurationIsVisible = 0;
			defaultConfigurationName = Release;
		};
		157175CE254F1764007B7A9F /* Build configuration list for PBXNativeTarget "Food Restaurants" */ = {
			isa = XCConfigurationList;
			buildConfigurations = (
				157175CF254F1764007B7A9F /* Debug */,
				157175D0254F1764007B7A9F /* Release */,
			);
			defaultConfigurationIsVisible = 0;
			defaultConfigurationName = Release;
		};
/* End XCConfigurationList section */
	};
	rootObject = 157175B2254F1763007B7A9F /* Project object */;
}
